
Microsoft Visual Studio Solution File, Format Version 12.00
# Visual Studio Version 17
VisualStudioVersion = 17.8.34330.188
MinimumVisualStudioVersion = 10.0.40219.1
Project("{FAE04EC0-301F-11D3-BF4B-00C04F79EFBC}") = "PromoEmailSpam", "PromoEmailSpam.csproj", "{BA9B596E-E231-4D37-BAE8-3BA6422229CE}"
EndProject
Global
	GlobalSection(SolutionConfigurationPlatforms) = preSolution
		Debug|Any CPU = Debug|Any CPU
		Release|Any CPU = Release|Any CPU
	EndGlobalSection
	GlobalSection(ProjectConfigurationPlatforms) = postSolution
		{BA9B596E-E231-4D37-BAE8-3BA6422229CE}.Debug|Any CPU.ActiveCfg = Debug|Any CPU
		{BA9B596E-E231-4D37-BAE8-3BA6422229CE}.Debug|Any CPU.Build.0 = Debug|Any CPU
		{BA9B596E-E231-4D37-BAE8-3BA6422229CE}.Release|Any CPU.ActiveCfg = Release|Any CPU
		{BA9B596E-E231-4D37-BAE8-3BA6422229CE}.Release|Any CPU.Build.0 = Release|Any CPU
	EndGlobalSection
	GlobalSection(SolutionProperties) = preSolution
		HideSolutionNode = FALSE
	EndGlobalSection
	GlobalSection(ExtensibilityGlobals) = postSolution
		SolutionGuid = {29DEBA65-DA08-4760-B25F-7326F227F2F2}
	EndGlobalSection
EndGlobal
